
Microsoft Visual Studio Solution File, Format Version 12.00
# Visual Studio Version 17
VisualStudioVersion = 17.9.34902.65
MinimumVisualStudioVersion = 10.0.40219.1
Project("{FAE04EC0-301F-11D3-BF4B-00C04F79EFBC}") = "QuanLyChungChi", "QuanLyChungChi.csproj", "{00888703-48C3-4DFD-8B7E-A958D6DDDDF4}"
EndProject
Global
	GlobalSection(SolutionConfigurationPlatforms) = preSolution
		Debug|Any CPU = Debug|Any CPU
		Release|Any CPU = Release|Any CPU
	EndGlobalSection
	GlobalSection(ProjectConfigurationPlatforms) = postSolution
		{00888703-48C3-4DFD-8B7E-A958D6DDDDF4}.Debug|Any CPU.ActiveCfg = Debug|Any CPU
		{00888703-48C3-4DFD-8B7E-A958D6DDDDF4}.Debug|Any CPU.Build.0 = Debug|Any CPU
		{00888703-48C3-4DFD-8B7E-A958D6DDDDF4}.Release|Any CPU.ActiveCfg = Release|Any CPU
		{00888703-48C3-4DFD-8B7E-A958D6DDDDF4}.Release|Any CPU.Build.0 = Release|Any CPU
	EndGlobalSection
	GlobalSection(SolutionProperties) = preSolution
		HideSolutionNode = FALSE
	EndGlobalSection
	GlobalSection(ExtensibilityGlobals) = postSolution
		SolutionGuid = {0B14ECF7-2622-4298-AE62-E465735D689D}
	EndGlobalSection
EndGlobal
